// !$*UTF8*$!
{
	archiveVersion = 1;
	classes = {
	};
	objectVersion = 50;
	objects = {

/* Begin PBXBuildFile section */
		816A899821E9B99900AB138C /* ItemCell.swift in Sources */ = {isa = PBXBuildFile; fileRef = 816A899721E9B99900AB138C /* ItemCell.swift */; };
		81C38D2921E836DB00941EED /* AppDelegate.swift in Sources */ = {isa = PBXBuildFile; fileRef = 81C38D2821E836DB00941EED /* AppDelegate.swift */; };
		81C38D2E21E836DB00941EED /* Main.storyboard in Resources */ = {isa = PBXBuildFile; fileRef = 81C38D2C21E836DB00941EED /* Main.storyboard */; };
		81C38D3021E836DD00941EED /* Assets.xcassets in Resources */ = {isa = PBXBuildFile; fileRef = 81C38D2F21E836DD00941EED /* Assets.xcassets */; };
		81C38D3321E836DD00941EED /* LaunchScreen.storyboard in Resources */ = {isa = PBXBuildFile; fileRef = 81C38D3121E836DD00941EED /* LaunchScreen.storyboard */; };
		81C38D3E21E836DD00941EED /* HomepwnerTests.swift in Sources */ = {isa = PBXBuildFile; fileRef = 81C38D3D21E836DD00941EED /* HomepwnerTests.swift */; };
		81C38D4921E836DD00941EED /* HomepwnerUITests.swift in Sources */ = {isa = PBXBuildFile; fileRef = 81C38D4821E836DD00941EED /* HomepwnerUITests.swift */; };
		81C38D5721E83C6A00941EED /* ItemsViewController.swift in Sources */ = {isa = PBXBuildFile; fileRef = 81C38D5621E83C6A00941EED /* ItemsViewController.swift */; };
		81C38D5921E83D7D00941EED /* Item.swift in Sources */ = {isa = PBXBuildFile; fileRef = 81C38D5821E83D7D00941EED /* Item.swift */; };
		81C38D5B21E844D000941EED /* ItemStore.swift in Sources */ = {isa = PBXBuildFile; fileRef = 81C38D5A21E844D000941EED /* ItemStore.swift */; };
/* End PBXBuildFile section */

/* Begin PBXContainerItemProxy section */
		81C38D3A21E836DD00941EED /* PBXContainerItemProxy */ = {
			isa = PBXContainerItemProxy;
			containerPortal = 81C38D1D21E836DB00941EED /* Project object */;
			proxyType = 1;
			remoteGlobalIDString = 81C38D2421E836DB00941EED;
			remoteInfo = Homepwner;
		};
		81C38D4521E836DD00941EED /* PBXContainerItemProxy */ = {
			isa = PBXContainerItemProxy;
			containerPortal = 81C38D1D21E836DB00941EED /* Project object */;
			proxyType = 1;
			remoteGlobalIDString = 81C38D2421E836DB00941EED;
			remoteInfo = Homepwner;
		};
/* End PBXContainerItemProxy section */

/* Begin PBXFileReference section */
		816A899721E9B99900AB138C /* ItemCell.swift */ = {isa = PBXFileReference; lastKnownFileType = sourcecode.swift; path = ItemCell.swift; sourceTree = "<group>"; };
		81C38D2521E836DB00941EED /* Homepwner.app */ = {isa = PBXFileReference; explicitFileType = wrapper.application; includeInIndex = 0; path = Homepwner.app; sourceTree = BUILT_PRODUCTS_DIR; };
		81C38D2821E836DB00941EED /* AppDelegate.swift */ = {isa = PBXFileReference; lastKnownFileType = sourcecode.swift; path = AppDelegate.swift; sourceTree = "<group>"; };
		81C38D2D21E836DB00941EED /* Base */ = {isa = PBXFileReference; lastKnownFileType = file.storyboard; name = Base; path = Base.lproj/Main.storyboard; sourceTree = "<group>"; };
		81C38D2F21E836DD00941EED /* Assets.xcassets */ = {isa = PBXFileReference; lastKnownFileType = folder.assetcatalog; path = Assets.xcassets; sourceTree = "<group>"; };
		81C38D3221E836DD00941EED /* Base */ = {isa = PBXFileReference; lastKnownFileType = file.storyboard; name = Base; path = Base.lproj/LaunchScreen.storyboard; sourceTree = "<group>"; };
		81C38D3421E836DD00941EED /* Info.plist */ = {isa = PBXFileReference; lastKnownFileType = text.plist.xml; path = Info.plist; sourceTree = "<group>"; };
		81C38D3921E836DD00941EED /* HomepwnerTests.xctest */ = {isa = PBXFileReference; explicitFileType = wrapper.cfbundle; includeInIndex = 0; path = HomepwnerTests.xctest; sourceTree = BUILT_PRODUCTS_DIR; };
		81C38D3D21E836DD00941EED /* HomepwnerTests.swift */ = {isa = PBXFileReference; lastKnownFileType = sourcecode.swift; path = HomepwnerTests.swift; sourceTree = "<group>"; };
		81C38D3F21E836DD00941EED /* Info.plist */ = {isa = PBXFileReference; lastKnownFileType = text.plist.xml; path = Info.plist; sourceTree = "<group>"; };
		81C38D4421E836DD00941EED /* HomepwnerUITests.xctest */ = {isa = PBXFileReference; explicitFileType = wrapper.cfbundle; includeInIndex = 0; path = HomepwnerUITests.xctest; sourceTree = BUILT_PRODUCTS_DIR; };
		81C38D4821E836DD00941EED /* HomepwnerUITests.swift */ = {isa = PBXFileReference; lastKnownFileType = sourcecode.swift; path = HomepwnerUITests.swift; sourceTree = "<group>"; };
		81C38D4A21E836DD00941EED /* Info.plist */ = {isa = PBXFileReference; lastKnownFileType = text.plist.xml; path = Info.plist; sourceTree = "<group>"; };
		81C38D5621E83C6A00941EED /* ItemsViewController.swift */ = {isa = PBXFileReference; lastKnownFileType = sourcecode.swift; path = ItemsViewController.swift; sourceTree = "<group>"; };
		81C38D5821E83D7D00941EED /* Item.swift */ = {isa = PBXFileReference; lastKnownFileType = sourcecode.swift; path = Item.swift; sourceTree = "<group>"; };
		81C38D5A21E844D000941EED /* ItemStore.swift */ = {isa = PBXFileReference; lastKnownFileType = sourcecode.swift; path = ItemStore.swift; sourceTree = "<group>"; };
/* End PBXFileReference section */

/* Begin PBXFrameworksBuildPhase section */
		81C38D2221E836DB00941EED /* Frameworks */ = {
			isa = PBXFrameworksBuildPhase;
			buildActionMask = 2147483647;
			files = (
			);
			runOnlyForDeploymentPostprocessing = 0;
		};
		81C38D3621E836DD00941EED /* Frameworks */ = {
			isa = PBXFrameworksBuildPhase;
			buildActionMask = 2147483647;
			files = (
			);
			runOnlyForDeploymentPostprocessing = 0;
		};
		81C38D4121E836DD00941EED /* Frameworks */ = {
			isa = PBXFrameworksBuildPhase;
			buildActionMask = 2147483647;
			files = (
			);
			runOnlyForDeploymentPostprocessing = 0;
		};
/* End PBXFrameworksBuildPhase section */

/* Begin PBXGroup section */
		81C38D1C21E836DB00941EED = {
			isa = PBXGroup;
			children = (
				81C38D2721E836DB00941EED /* Homepwner */,
				81C38D3C21E836DD00941EED /* HomepwnerTests */,
				81C38D4721E836DD00941EED /* HomepwnerUITests */,
				81C38D2621E836DB00941EED /* Products */,
			);
			sourceTree = "<group>";
		};
		81C38D2621E836DB00941EED /* Products */ = {
			isa = PBXGroup;
			children = (
				81C38D2521E836DB00941EED /* Homepwner.app */,
				81C38D3921E836DD00941EED /* HomepwnerTests.xctest */,
				81C38D4421E836DD00941EED /* HomepwnerUITests.xctest */,
			);
			name = Products;
			sourceTree = "<group>";
		};
		81C38D2721E836DB00941EED /* Homepwner */ = {
			isa = PBXGroup;
			children = (
				81C38D2821E836DB00941EED /* AppDelegate.swift */,
				81C38D2C21E836DB00941EED /* Main.storyboard */,
				81C38D2F21E836DD00941EED /* Assets.xcassets */,
				81C38D3121E836DD00941EED /* LaunchScreen.storyboard */,
				81C38D3421E836DD00941EED /* Info.plist */,
				81C38D5621E83C6A00941EED /* ItemsViewController.swift */,
				81C38D5821E83D7D00941EED /* Item.swift */,
				81C38D5A21E844D000941EED /* ItemStore.swift */,
				816A899721E9B99900AB138C /* ItemCell.swift */,
			);
			path = Homepwner;
			sourceTree = "<group>";
		};
		81C38D3C21E836DD00941EED /* HomepwnerTests */ = {
			isa = PBXGroup;
			children = (
				81C38D3D21E836DD00941EED /* HomepwnerTests.swift */,
				81C38D3F21E836DD00941EED /* Info.plist */,
			);
			path = HomepwnerTests;
			sourceTree = "<group>";
		};
		81C38D4721E836DD00941EED /* HomepwnerUITests */ = {
			isa = PBXGroup;
			children = (
				81C38D4821E836DD00941EED /* HomepwnerUITests.swift */,
				81C38D4A21E836DD00941EED /* Info.plist */,
			);
			path = HomepwnerUITests;
			sourceTree = "<group>";
		};
/* End PBXGroup section */

/* Begin PBXNativeTarget section */
		81C38D2421E836DB00941EED /* Homepwner */ = {
			isa = PBXNativeTarget;
			buildConfigurationList = 81C38D4D21E836DD00941EED /* Build configuration list for PBXNativeTarget "Homepwner" */;
			buildPhases = (
				81C38D2121E836DB00941EED /* Sources */,
				81C38D2221E836DB00941EED /* Frameworks */,
				81C38D2321E836DB00941EED /* Resources */,
			);
			buildRules = (
			);
			dependencies = (
			);
			name = Homepwner;
			productName = Homepwner;
			productReference = 81C38D2521E836DB00941EED /* Homepwner.app */;
			productType = "com.apple.product-type.application";
		};
		81C38D3821E836DD00941EED /* HomepwnerTests */ = {
			isa = PBXNativeTarget;
			buildConfigurationList = 81C38D5021E836DD00941EED /* Build configuration list for PBXNativeTarget "HomepwnerTests" */;
			buildPhases = (
				81C38D3521E836DD00941EED /* Sources */,
				81C38D3621E836DD00941EED /* Frameworks */,
				81C38D3721E836DD00941EED /* Resources */,
			);
			buildRules = (
			);
			dependencies = (
				81C38D3B21E836DD00941EED /* PBXTargetDependency */,
			);
			name = HomepwnerTests;
			productName = HomepwnerTests;
			productReference = 81C38D3921E836DD00941EED /* HomepwnerTests.xctest */;
			productType = "com.apple.product-type.bundle.unit-test";
		};
		81C38D4321E836DD00941EED /* HomepwnerUITests */ = {
			isa = PBXNativeTarget;
			buildConfigurationList = 81C38D5321E836DD00941EED /* Build configuration list for PBXNativeTarget "HomepwnerUITests" */;
			buildPhases = (
				81C38D4021E836DD00941EED /* Sources */,
				81C38D4121E836DD00941EED /* Frameworks */,
				81C38D4221E836DD00941EED /* Resources */,
			);
			buildRules = (
			);
			dependencies = (
				81C38D4621E836DD00941EED /* PBXTargetDependency */,
			);
			name = HomepwnerUITests;
			productName = HomepwnerUITests;
			productReference = 81C38D4421E836DD00941EED /* HomepwnerUITests.xctest */;
			productType = "com.apple.product-type.bundle.ui-testing";
		};
/* End PBXNativeTarget section */

/* Begin PBXProject section */
		81C38D1D21E836DB00941EED /* Project object */ = {
			isa = PBXProject;
			attributes = {
				LastSwiftUpdateCheck = 1010;
				LastUpgradeCheck = 1010;
				ORGANIZATIONNAME = "Sam Reaves Digital";
				TargetAttributes = {
					81C38D2421E836DB00941EED = {
						CreatedOnToolsVersion = 10.1;
					};
					81C38D3821E836DD00941EED = {
						CreatedOnToolsVersion = 10.1;
						TestTargetID = 81C38D2421E836DB00941EED;
					};
					81C38D4321E836DD00941EED = {
						CreatedOnToolsVersion = 10.1;
						TestTargetID = 81C38D2421E836DB00941EED;
					};
				};
			};
			buildConfigurationList = 81C38D2021E836DB00941EED /* Build configuration list for PBXProject "Homepwner" */;
			compatibilityVersion = "Xcode 9.3";
			developmentRegion = en;
			hasScannedForEncodings = 0;
			knownRegions = (
				en,
				Base,
			);
			mainGroup = 81C38D1C21E836DB00941EED;
			productRefGroup = 81C38D2621E836DB00941EED /* Products */;
			projectDirPath = "";
			projectRoot = "";
			targets = (
				81C38D2421E836DB00941EED /* Homepwner */,
				81C38D3821E836DD00941EED /* HomepwnerTests */,
				81C38D4321E836DD00941EED /* HomepwnerUITests */,
			);
		};
/* End PBXProject section */

/* Begin PBXResourcesBuildPhase section */
		81C38D2321E836DB00941EED /* Resources */ = {
			isa = PBXResourcesBuildPhase;
			buildActionMask = 2147483647;
			files = (
				81C38D3321E836DD00941EED /* LaunchScreen.storyboard in Resources */,
				81C38D3021E836DD00941EED /* Assets.xcassets in Resources */,
				81C38D2E21E836DB00941EED /* Main.storyboard in Resources */,
			);
			runOnlyForDeploymentPostprocessing = 0;
		};
		81C38D3721E836DD00941EED /* Resources */ = {
			isa = PBXResourcesBuildPhase;
			buildActionMask = 2147483647;
			files = (
			);
			runOnlyForDeploymentPostprocessing = 0;
		};
		81C38D4221E836DD00941EED /* Resources */ = {
			isa = PBXResourcesBuildPhase;
			buildActionMask = 2147483647;
			files = (
			);
			runOnlyForDeploymentPostprocessing = 0;
		};
/* End PBXResourcesBuildPhase section */

/* Begin PBXSourcesBuildPhase section */
		81C38D2121E836DB00941EED /* Sources */ = {
			isa = PBXSourcesBuildPhase;
			buildActionMask = 2147483647;
			files = (
				81C38D5721E83C6A00941EED /* ItemsViewController.swift in Sources */,
				81C38D5921E83D7D00941EED /* Item.swift in Sources */,
				81C38D5B21E844D000941EED /* ItemStore.swift in Sources */,
				81C38D2921E836DB00941EED /* AppDelegate.swift in Sources */,
				816A899821E9B99900AB138C /* ItemCell.swift in Sources */,
			);
			runOnlyForDeploymentPostprocessing = 0;
		};
		81C38D3521E836DD00941EED /* Sources */ = {
			isa = PBXSourcesBuildPhase;
			buildActionMask = 2147483647;
			files = (
				81C38D3E21E836DD00941EED /* HomepwnerTests.swift in Sources */,
			);
			runOnlyForDeploymentPostprocessing = 0;
		};
		81C38D4021E836DD00941EED /* Sources */ = {
			isa = PBXSourcesBuildPhase;
			buildActionMask = 2147483647;
			files = (
				81C38D4921E836DD00941EED /* HomepwnerUITests.swift in Sources */,
			);
			runOnlyForDeploymentPostprocessing = 0;
		};
/* End PBXSourcesBuildPhase section */

/* Begin PBXTargetDependency section */
		81C38D3B21E836DD00941EED /* PBXTargetDependency */ = {
			isa = PBXTargetDependency;
			target = 81C38D2421E836DB00941EED /* Homepwner */;
			targetProxy = 81C38D3A21E836DD00941EED /* PBXContainerItemProxy */;
		};
		81C38D4621E836DD00941EED /* PBXTargetDependency */ = {
			isa = PBXTargetDependency;
			target = 81C38D2421E836DB00941EED /* Homepwner */;
			targetProxy = 81C38D4521E836DD00941EED /* PBXContainerItemProxy */;
		};
/* End PBXTargetDependency section */

/* Begin PBXVariantGroup section */
		81C38D2C21E836DB00941EED /* Main.storyboard */ = {
			isa = PBXVariantGroup;
			children = (
				81C38D2D21E836DB00941EED /* Base */,
			);
			name = Main.storyboard;
			sourceTree = "<group>";
		};
		81C38D3121E836DD00941EED /* LaunchScreen.storyboard */ = {
			isa = PBXVariantGroup;
			children = (
				81C38D3221E836DD00941EED /* Base */,
			);
			name = LaunchScreen.storyboard;
			sourceTree = "<group>";
		};
/* End PBXVariantGroup section */

/* Begin XCBuildConfiguration section */
		81C38D4B21E836DD00941EED /* Debug */ = {
			isa = XCBuildConfiguration;
			buildSettings = {
				ALWAYS_SEARCH_USER_PATHS = NO;
				CLANG_ANALYZER_NONNULL = YES;
				CLANG_ANALYZER_NUMBER_OBJECT_CONVERSION = YES_AGGRESSIVE;
				CLANG_CXX_LANGUAGE_STANDARD = "gnu++14";
				CLANG_CXX_LIBRARY = "libc++";
				CLANG_ENABLE_MODULES = YES;
				CLANG_ENABLE_OBJC_ARC = YES;
				CLANG_ENABLE_OBJC_WEAK = YES;
				CLANG_WARN_BLOCK_CAPTURE_AUTORELEASING = YES;
				CLANG_WARN_BOOL_CONVERSION = YES;
				CLANG_WARN_COMMA = YES;
				CLANG_WARN_CONSTANT_CONVERSION = YES;
				CLANG_WARN_DEPRECATED_OBJC_IMPLEMENTATIONS = YES;
				CLANG_WARN_DIRECT_OBJC_ISA_USAGE = YES_ERROR;
				CLANG_WARN_DOCUMENTATION_COMMENTS = YES;
				CLANG_WARN_EMPTY_BODY = YES;
				CLANG_WARN_ENUM_CONVERSION = YES;
				CLANG_WARN_INFINITE_RECURSION = YES;
				CLANG_WARN_INT_CONVERSION = YES;
				CLANG_WARN_NON_LITERAL_NULL_CONVERSION = YES;
				CLANG_WARN_OBJC_IMPLICIT_RETAIN_SELF = YES;
				CLANG_WARN_OBJC_LITERAL_CONVERSION = YES;
				CLANG_WARN_OBJC_ROOT_CLASS = YES_ERROR;
				CLANG_WARN_RANGE_LOOP_ANALYSIS = YES;
				CLANG_WARN_STRICT_PROTOTYPES = YES;
				CLANG_WARN_SUSPICIOUS_MOVE = YES;
				CLANG_WARN_UNGUARDED_AVAILABILITY = YES_AGGRESSIVE;
				CLANG_WARN_UNREACHABLE_CODE = YES;
				CLANG_WARN__DUPLICATE_METHOD_MATCH = YES;
				CODE_SIGN_IDENTITY = "iPhone Developer";
				COPY_PHASE_STRIP = NO;
				DEBUG_INFORMATION_FORMAT = dwarf;
				ENABLE_STRICT_OBJC_MSGSEND = YES;
				ENABLE_TESTABILITY = YES;
				GCC_C_LANGUAGE_STANDARD = gnu11;
				GCC_DYNAMIC_NO_PIC = NO;
				GCC_NO_COMMON_BLOCKS = YES;
				GCC_OPTIMIZATION_LEVEL = 0;
				GCC_PREPROCESSOR_DEFINITIONS = (
					"DEBUG=1",
					"$(inherited)",
				);
				GCC_WARN_64_TO_32_BIT_CONVERSION = YES;
				GCC_WARN_ABOUT_RETURN_TYPE = YES_ERROR;
				GCC_WARN_UNDECLARED_SELECTOR = YES;
				GCC_WARN_UNINITIALIZED_AUTOS = YES_AGGRESSIVE;
				GCC_WARN_UNUSED_FUNCTION = YES;
				GCC_WARN_UNUSED_VARIABLE = YES;
				IPHONEOS_DEPLOYMENT_TARGET = 12.1;
				MTL_ENABLE_DEBUG_INFO = INCLUDE_SOURCE;
				MTL_FAST_MATH = YES;
				ONLY_ACTIVE_ARCH = YES;
				SDKROOT = iphoneos;
				SWIFT_ACTIVE_COMPILATION_CONDITIONS = DEBUG;
				SWIFT_OPTIMIZATION_LEVEL = "-Onone";
			};
			name = Debug;
		};
		81C38D4C21E836DD00941EED /* Release */ = {
			isa = XCBuildConfiguration;
			buildSettings = {
				ALWAYS_SEARCH_USER_PATHS = NO;
				CLANG_ANALYZER_NONNULL = YES;
				CLANG_ANALYZER_NUMBER_OBJECT_CONVERSION = YES_AGGRESSIVE;
				CLANG_CXX_LANGUAGE_STANDARD = "gnu++14";
				CLANG_CXX_LIBRARY = "libc++";
				CLANG_ENABLE_MODULES = YES;
				CLANG_ENABLE_OBJC_ARC = YES;
				CLANG_ENABLE_OBJC_WEAK = YES;
				CLANG_WARN_BLOCK_CAPTURE_AUTORELEASING = YES;
				CLANG_WARN_BOOL_CONVERSION = YES;
				CLANG_WARN_COMMA = YES;
				CLANG_WARN_CONSTANT_CONVERSION = YES;
				CLANG_WARN_DEPRECATED_OBJC_IMPLEMENTATIONS = YES;
				CLANG_WARN_DIRECT_OBJC_ISA_USAGE = YES_ERROR;
				CLANG_WARN_DOCUMENTATION_COMMENTS = YES;
				CLANG_WARN_EMPTY_BODY = YES;
				CLANG_WARN_ENUM_CONVERSION = YES;
				CLANG_WARN_INFINITE_RECURSION = YES;
				CLANG_WARN_INT_CONVERSION = YES;
				CLANG_WARN_NON_LITERAL_NULL_CONVERSION = YES;
				CLANG_WARN_OBJC_IMPLICIT_RETAIN_SELF = YES;
				CLANG_WARN_OBJC_LITERAL_CONVERSION = YES;
				CLANG_WARN_OBJC_ROOT_CLASS = YES_ERROR;
				CLANG_WARN_RANGE_LOOP_ANALYSIS = YES;
				CLANG_WARN_STRICT_PROTOTYPES = YES;
				CLANG_WARN_SUSPICIOUS_MOVE = YES;
				CLANG_WARN_UNGUARDED_AVAILABILITY = YES_AGGRESSIVE;
				CLANG_WARN_UNREACHABLE_CODE = YES;
				CLANG_WARN__DUPLICATE_METHOD_MATCH = YES;
				CODE_SIGN_IDENTITY = "iPhone Developer";
				COPY_PHASE_STRIP = NO;
				DEBUG_INFORMATION_FORMAT = "dwarf-with-dsym";
				ENABLE_NS_ASSERTIONS = NO;
				ENABLE_STRICT_OBJC_MSGSEND = YES;
				GCC_C_LANGUAGE_STANDARD = gnu11;
				GCC_NO_COMMON_BLOCKS = YES;
				GCC_WARN_64_TO_32_BIT_CONVERSION = YES;
				GCC_WARN_ABOUT_RETURN_TYPE = YES_ERROR;
				GCC_WARN_UNDECLARED_SELECTOR = YES;
				GCC_WARN_UNINITIALIZED_AUTOS = YES_AGGRESSIVE;
				GCC_WARN_UNUSED_FUNCTION = YES;
				GCC_WARN_UNUSED_VARIABLE = YES;
				IPHONEOS_DEPLOYMENT_TARGET = 12.1;
				MTL_ENABLE_DEBUG_INFO = NO;
				MTL_FAST_MATH = YES;
				SDKROOT = iphoneos;
				SWIFT_COMPILATION_MODE = wholemodule;
				SWIFT_OPTIMIZATION_LEVEL = "-O";
				VALIDATE_PRODUCT = YES;
			};
			name = Release;
		};
		81C38D4E21E836DD00941EED /* Debug */ = {
			isa = XCBuildConfiguration;
			buildSettings = {
				ASSETCATALOG_COMPILER_APPICON_NAME = AppIcon;
				CODE_SIGN_STYLE = Automatic;
				DEVELOPMENT_TEAM = MEN7G4YQU2;
				INFOPLIST_FILE = Homepwner/Info.plist;
				LD_RUNPATH_SEARCH_PATHS = (
					"$(inherited)",
					"@executable_path/Frameworks",
				);
				PRODUCT_BUNDLE_IDENTIFIER = com.srd.Homepwner;
				PRODUCT_NAME = "$(TARGET_NAME)";
				SWIFT_VERSION = 4.2;
				TARGETED_DEVICE_FAMILY = "1,2";
			};
			name = Debug;
		};
		81C38D4F21E836DD00941EED /* Release */ = {
			isa = XCBuildConfiguration;
			buildSettings = {
				ASSETCATALOG_COMPILER_APPICON_NAME = AppIcon;
				CODE_SIGN_STYLE = Automatic;
				DEVELOPMENT_TEAM = MEN7G4YQU2;
				INFOPLIST_FILE = Homepwner/Info.plist;
				LD_RUNPATH_SEARCH_PATHS = (
					"$(inherited)",
					"@executable_path/Frameworks",
				);
				PRODUCT_BUNDLE_IDENTIFIER = com.srd.Homepwner;
				PRODUCT_NAME = "$(TARGET_NAME)";
				SWIFT_VERSION = 4.2;
				TARGETED_DEVICE_FAMILY = "1,2";
			};
			name = Release;
		};
		81C38D5121E836DD00941EED /* Debug */ = {
			isa = XCBuildConfiguration;
			buildSettings = {
				ALWAYS_EMBED_SWIFT_STANDARD_LIBRARIES = YES;
				BUNDLE_LOADER = "$(TEST_HOST)";
				CODE_SIGN_STYLE = Automatic;
				DEVELOPMENT_TEAM = MEN7G4YQU2;
				INFOPLIST_FILE = HomepwnerTests/Info.plist;
				LD_RUNPATH_SEARCH_PATHS = (
					"$(inherited)",
					"@executable_path/Frameworks",
					"@loader_path/Frameworks",
				);
				PRODUCT_BUNDLE_IDENTIFIER = com.srd.HomepwnerTests;
				PRODUCT_NAME = "$(TARGET_NAME)";
				SWIFT_VERSION = 4.2;
				TARGETED_DEVICE_FAMILY = "1,2";
				TEST_HOST = "$(BUILT_PRODUCTS_DIR)/Homepwner.app/Homepwner";
			};
			name = Debug;
		};
		81C38D5221E836DD00941EED /* Release */ = {
			isa = XCBuildConfiguration;
			buildSettings = {
				ALWAYS_EMBED_SWIFT_STANDARD_LIBRARIES = YES;
				BUNDLE_LOADER = "$(TEST_HOST)";
				CODE_SIGN_STYLE = Automatic;
				DEVELOPMENT_TEAM = MEN7G4YQU2;
				INFOPLIST_FILE = HomepwnerTests/Info.plist;
				LD_RUNPATH_SEARCH_PATHS = (
					"$(inherited)",
					"@executable_path/Frameworks",
					"@loader_path/Frameworks",
				);
				PRODUCT_BUNDLE_IDENTIFIER = com.srd.HomepwnerTests;
				PRODUCT_NAME = "$(TARGET_NAME)";
				SWIFT_VERSION = 4.2;
				TARGETED_DEVICE_FAMILY = "1,2";
				TEST_HOST = "$(BUILT_PRODUCTS_DIR)/Homepwner.app/Homepwner";
			};
			name = Release;
		};
		81C38D5421E836DD00941EED /* Debug */ = {
			isa = XCBuildConfiguration;
			buildSettings = {
				ALWAYS_EMBED_SWIFT_STANDARD_LIBRARIES = YES;
				CODE_SIGN_STYLE = Automatic;
				DEVELOPMENT_TEAM = MEN7G4YQU2;
				INFOPLIST_FILE = HomepwnerUITests/Info.plist;
				LD_RUNPATH_SEARCH_PATHS = (
					"$(inherited)",
					"@executable_path/Frameworks",
					"@loader_path/Frameworks",
				);
				PRODUCT_BUNDLE_IDENTIFIER = com.srd.HomepwnerUITests;
				PRODUCT_NAME = "$(TARGET_NAME)";
				SWIFT_VERSION = 4.2;
				TARGETED_DEVICE_FAMILY = "1,2";
				TEST_TARGET_NAME = Homepwner;
			};
			name = Debug;
		};
		81C38D5521E836DD00941EED /* Release */ = {
			isa = XCBuildConfiguration;
			buildSettings = {
				ALWAYS_EMBED_SWIFT_STANDARD_LIBRARIES = YES;
				CODE_SIGN_STYLE = Automatic;
				DEVELOPMENT_TEAM = MEN7G4YQU2;
				INFOPLIST_FILE = HomepwnerUITests/Info.plist;
				LD_RUNPATH_SEARCH_PATHS = (
					"$(inherited)",
					"@executable_path/Frameworks",
					"@loader_path/Frameworks",
				);
				PRODUCT_BUNDLE_IDENTIFIER = com.srd.HomepwnerUITests;
				PRODUCT_NAME = "$(TARGET_NAME)";
				SWIFT_VERSION = 4.2;
				TARGETED_DEVICE_FAMILY = "1,2";
				TEST_TARGET_NAME = Homepwner;
			};
			name = Release;
		};
/* End XCBuildConfiguration section */

/* Begin XCConfigurationList section */
		81C38D2021E836DB00941EED /* Build configuration list for PBXProject "Homepwner" */ = {
			isa = XCConfigurationList;
			buildConfigurations = (
				81C38D4B21E836DD00941EED /* Debug */,
				81C38D4C21E836DD00941EED /* Release */,
			);
			defaultConfigurationIsVisible = 0;
			defaultConfigurationName = Release;
		};
		81C38D4D21E836DD00941EED /* Build configuration list for PBXNativeTarget "Homepwner" */ = {
			isa = XCConfigurationList;
			buildConfigurations = (
				81C38D4E21E836DD00941EED /* Debug */,
				81C38D4F21E836DD00941EED /* Release */,
			);
			defaultConfigurationIsVisible = 0;
			defaultConfigurationName = Release;
		};
		81C38D5021E836DD00941EED /* Build configuration list for PBXNativeTarget "HomepwnerTests" */ = {
			isa = XCConfigurationList;
			buildConfigurations = (
				81C38D5121E836DD00941EED /* Debug */,
				81C38D5221E836DD00941EED /* Release */,
			);
			defaultConfigurationIsVisible = 0;
			defaultConfigurationName = Release;
		};
		81C38D5321E836DD00941EED /* Build configuration list for PBXNativeTarget "HomepwnerUITests" */ = {
			isa = XCConfigurationList;
			buildConfigurations = (
				81C38D5421E836DD00941EED /* Debug */,
				81C38D5521E836DD00941EED /* Release */,
			);
			defaultConfigurationIsVisible = 0;
			defaultConfigurationName = Release;
		};
/* End XCConfigurationList section */
	};
	rootObject = 81C38D1D21E836DB00941EED /* Project object */;
}
